
Microsoft Visual Studio Solution File, Format Version 12.00
# Visual Studio Version 17
VisualStudioVersion = 17.6.33723.286
MinimumVisualStudioVersion = 10.0.40219.1
Project("{FAE04EC0-301F-11D3-BF4B-00C04F79EFBC}") = "ClearThermals", "ClearThermals.csproj", "{FBD26AA6-7617-45C8-8EA6-99BB6153195B}"
EndProject
Global
	GlobalSection(SolutionConfigurationPlatforms) = preSolution
		Debug|Any CPU = Debug|Any CPU
		Release|Any CPU = Release|Any CPU
	EndGlobalSection
	GlobalSection(ProjectConfigurationPlatforms) = postSolution
		{FBD26AA6-7617-45C8-8EA6-99BB6153195B}.Debug|Any CPU.ActiveCfg = Debug|Any CPU
		{FBD26AA6-7617-45C8-8EA6-99BB6153195B}.Debug|Any CPU.Build.0 = Debug|Any CPU
		{FBD26AA6-7617-45C8-8EA6-99BB6153195B}.Release|Any CPU.ActiveCfg = Release|Any CPU
		{FBD26AA6-7617-45C8-8EA6-99BB6153195B}.Release|Any CPU.Build.0 = Release|Any CPU
	EndGlobalSection
	GlobalSection(SolutionProperties) = preSolution
		HideSolutionNode = FALSE
	EndGlobalSection
	GlobalSection(ExtensibilityGlobals) = postSolution
		SolutionGuid = {C4BCE215-E0B0-4684-B26F-677C17EF2485}
	EndGlobalSection
EndGlobal
